
Microsoft Visual Studio Solution File, Format Version 12.00
# Visual Studio Version 16
VisualStudioVersion = 16.0.810.12
MinimumVisualStudioVersion = 10.0.40219.1
Project("{FAE04EC0-301F-11D3-BF4B-00C04F79EFBC}") = "TestCalculator", "TestCalculator\TestCalculator.csproj", "{C201F1CF-48D7-4548-96C6-81C1953D221C}"
EndProject
Project("{FAE04EC0-301F-11D3-BF4B-00C04F79EFBC}") = "HelloWorld", "..\HelloWorld\HelloWorld\HelloWorld.csproj", "{4AA2D978-48F9-4C42-B53B-8EE43C3B1BDD}"
EndProject
Global
	GlobalSection(SolutionConfigurationPlatforms) = preSolution
		Debug|Any CPU = Debug|Any CPU
		Release|Any CPU = Release|Any CPU
	EndGlobalSection
	GlobalSection(ProjectConfigurationPlatforms) = postSolution
		{C201F1CF-48D7-4548-96C6-81C1953D221C}.Debug|Any CPU.ActiveCfg = Debug|Any CPU
		{C201F1CF-48D7-4548-96C6-81C1953D221C}.Debug|Any CPU.Build.0 = Debug|Any CPU
		{C201F1CF-48D7-4548-96C6-81C1953D221C}.Release|Any CPU.ActiveCfg = Release|Any CPU
		{C201F1CF-48D7-4548-96C6-81C1953D221C}.Release|Any CPU.Build.0 = Release|Any CPU
		{4AA2D978-48F9-4C42-B53B-8EE43C3B1BDD}.Debug|Any CPU.ActiveCfg = Debug|Any CPU
		{4AA2D978-48F9-4C42-B53B-8EE43C3B1BDD}.Debug|Any CPU.Build.0 = Debug|Any CPU
		{4AA2D978-48F9-4C42-B53B-8EE43C3B1BDD}.Release|Any CPU.ActiveCfg = Release|Any CPU
		{4AA2D978-48F9-4C42-B53B-8EE43C3B1BDD}.Release|Any CPU.Build.0 = Release|Any CPU
	EndGlobalSection
	GlobalSection(SolutionProperties) = preSolution
		HideSolutionNode = FALSE
	EndGlobalSection
	GlobalSection(ExtensibilityGlobals) = postSolution
		SolutionGuid = {84AA50FC-6E83-4723-A709-E11609BD5CBF}
	EndGlobalSection
EndGlobal
